Microsoft Visual Studio Solution File, Format Version 12.00
# Visual Studio Version 17
VisualStudioVersion = 17.3.32825.248
MinimumVisualStudioVersion = 10.0.40219.1
Project("{9A19103F-16F7-4668-BE54-9A1E7A4F7556}") = "DotNetToolbox.Core", "Core\Core\DotNetToolbox.Core.csproj", "{C0308621-0189-4E32-A6FB-B0198D0B7A38}"
EndProject
Project("{9A19103F-16F7-4668-BE54-9A1E7A4F7556}") = "DotNetToolbox.Core.UnitTests", "Core\Core.UnitTests\DotNetToolbox.Core.UnitTests.csproj", "{C116D92D-1D32-4F5F-91CC-28C7807FD2E8}"
EndProject
Project("{9A19103F-16F7-4668-BE54-9A1E7A4F7556}") = "DotNetToolbox.Azure", "Cloud\Azure\DotNetToolbox.Azure.csproj", "{22E5F4EC-DD9C-4F7E-9FE7-50978EC96577}"
EndProject
Project("{9A19103F-16F7-4668-BE54-9A1E7A4F7556}") = "DotNetToolbox.Azure.UnitTests", "Cloud\Azure.UnitTests\DotNetToolbox.Azure.UnitTests.csproj", "{310680D3-C24B-4F79-A18A-944F9B6AC096}"
EndProject
Project("{9A19103F-16F7-4668-BE54-9A1E7A4F7556}") = "DotNetToolbox.Http", "Cloud\Http\DotNetToolbox.Http.csproj", "{474DF468-8CB0-4DB5-A31A-28609A61FEA7}"
EndProject
Project("{9A19103F-16F7-4668-BE54-9A1E7A4F7556}") = "DotNetToolbox.Http.UnitTests", "Cloud\Http.UnitTests\DotNetToolbox.Http.UnitTests.csproj", "{FD992DD6-1DBE-4948-AA13-2DDAA71A4130}"
EndProject
Project("{9A19103F-16F7-4668-BE54-9A1E7A4F7556}") = "DotNetToolbox.ValidationBuilder", "Utilities\ValidationBuilder\DotNetToolbox.ValidationBuilder.csproj", "{527E226A-DC59-406A-B525-387921A7EEB4}"
EndProject
Project("{9A19103F-16F7-4668-BE54-9A1E7A4F7556}") = "DotNetToolbox.ValidationBuilder.UnitTests", "Utilities\ValidationBuilder.UnitTests\DotNetToolbox.ValidationBuilder.UnitTests.csproj", "{FFD327AE-94BE-4B1A-B817-A765FD5B0CE9}"
EndProject
Project("{9A19103F-16F7-4668-BE54-9A1E7A4F7556}") = "DotNetToolbox.Security", "Utilities\Security\DotNetToolbox.Security.csproj", "{1C6644F0-167D-4E79-AC42-DA5669FE110F}"
EndProject
Project("{9A19103F-16F7-4668-BE54-9A1E7A4F7556}") = "DotNetToolbox.Security.UnitTests", "Utilities\Security.UnitTests\DotNetToolbox.Security.UnitTests.csproj", "{AA95EE6D-BBC9-494A-BA69-B5C9A1C05DFE}"
EndProject
Project("{9A19103F-16F7-4668-BE54-9A1E7A4F7556}") = "DotNetToolbox.TestUtilities", "Testing\TestUtilities\DotNetToolbox.TestUtilities.csproj", "{B62A435E-96F3-422F-B5A0-30A8C4BD8F2B}"
EndProject
Project("{9A19103F-16F7-4668-BE54-9A1E7A4F7556}") = "DotNetToolbox.ObjectDumper", "Utilities\ObjectDumper\DotNetToolbox.ObjectDumper.csproj", "{7397C94F-80AD-44EC-8F9E-11C789DD5E9C}"
EndProject
Project("{9A19103F-16F7-4668-BE54-9A1E7A4F7556}") = "DotNetToolbox.ObjectDumper.UnitTests", "Utilities\ObjectDumper.UnitTests\DotNetToolbox.ObjectDumper.UnitTests.csproj", "{836E8879-5054-41E7-86EC-7D8C10BD2A96}"
EndProject
Project("{9A19103F-16F7-4668-BE54-9A1E7A4F7556}") = "DotNetToolbox.AI", "AI\Core\DotNetToolbox.AI.csproj", "{7F21AEAC-3285-474E-B19C-333856ACE888}"
EndProject
Project("{9A19103F-16F7-4668-BE54-9A1E7A4F7556}") = "DotNetToolbox.AI.UnitTests", "AI\Core.UnitTests\DotNetToolbox.AI.UnitTests.csproj", "{857AADEE-5A43-46A0-B598-82918D0B06A6}"
EndProject
Project("{9A19103F-16F7-4668-BE54-9A1E7A4F7556}") = "DotNetToolbox.Console", "Applications\Console\DotNetToolbox.Console.csproj", "{39079AA8-5ABC-4C32-B2CD-E8B8FC49BCD6}"
EndProject
Project("{9A19103F-16F7-4668-BE54-9A1E7A4F7556}") = "DotNetToolbox.Console.UnitTests", "Applications\Console.UnitTests\DotNetToolbox.Console.UnitTests.csproj", "{1B8BDD9A-19AE-4DCE-95FF-32813A6A2CC1}"
EndProject
Project("{9A19103F-16F7-4668-BE54-9A1E7A4F7556}") = "DotNetToolbox.Console.SampleShell", "Applications\Samples\Shell\DotNetToolbox.Console.SampleShell.csproj", "{574B6C14-9D19-4283-AEB9-13754EE6437C}"
EndProject
Project("{9A19103F-16F7-4668-BE54-9A1E7A4F7556}") = "DotNetToolbox.Console.SampleCLI", "Applications\Samples\CLI\DotNetToolbox.Console.SampleCLI.csproj", "{88BA5A80-5353-4A03-BFF2-92F4A1951A70}"
EndProject
Project("{2150E333-8FDC-42A3-9474-1A3956D46DE8}") = "1 Core", "1 Core", "{26704704-EAF1-48B3-825A-7471AA3B59ED}"
EndProject
Project("{2150E333-8FDC-42A3-9474-1A3956D46DE8}") = "2 Cloud", "2 Cloud", "{98BC8EAD-6E9C-4FCA-A374-AAB96F047FC0}"
EndProject
Project("{2150E333-8FDC-42A3-9474-1A3956D46DE8}") = "1 Utilities", "1 Utilities", "{E24F02A0-1C68-44DC-8065-15889FC56490}"
EndProject
Project("{2150E333-8FDC-42A3-9474-1A3956D46DE8}") = "2 Console", "2 Console", "{A1EFA213-B4DB-4DFD-B829-188C511C63B1}"
EndProject
Project("{2150E333-8FDC-42A3-9474-1A3956D46DE8}") = "3 AI", "3 AI", "{B21A0D66-A2B8-45DC-B025-ECB7A10AC584}"
EndProject
Project("{2150E333-8FDC-42A3-9474-1A3956D46DE8}") = "1 Testing", "1 Testing", "{56746752-64B7-48C0-A8C2-3F3390F35E77}"
EndProject
Project("{9A19103F-16F7-4668-BE54-9A1E7A4F7556}") = "DotNetToolbox.FluentAssertions", "Testing\FluentAssertions\DotNetToolbox.FluentAssertions.csproj", "{7B5CE993-A346-4550-B2CD-6C18889DB7B3}"
EndProject
Project("{9A19103F-16F7-4668-BE54-9A1E7A4F7556}") = "DotNetToolbox.TestUtilities.UnitTests", "Testing\TestUtilities.UnitTests\DotNetToolbox.TestUtilities.UnitTests.csproj", "{069556EA-B66F-4176-8F24-5092B1A1183A}"
EndProject
Project("{9A19103F-16F7-4668-BE54-9A1E7A4F7556}") = "DotNetToolbox.FluentAssertions.UnitTests", "Testing\FluentAssertions.UnitTests\DotNetToolbox.FluentAssertions.UnitTests.csproj", "{CCD73170-0753-468E-A633-5BA56D44C634}"
EndProject
Project("{9A19103F-16F7-4668-BE54-9A1E7A4F7556}") = "DotNetToolbox.AI.Anthropic", "AI\Anthropic\DotNetToolbox.AI.Anthropic.csproj", "{D35099E2-30D7-454F-B947-7D0FC27EF782}"
EndProject
Project("{9A19103F-16F7-4668-BE54-9A1E7A4F7556}") = "DotNetToolbox.AI.OpenAI", "AI\OpenAI\DotNetToolbox.AI.OpenAI.csproj", "{FAC977E2-395E-4F83-A3F9-06CEE5009E5D}"
EndProject
Project("{9A19103F-16F7-4668-BE54-9A1E7A4F7556}") = "DotNetToolbox.AI.OpenAI.UnitTests", "AI\OpenAI.UnitTests\DotNetToolbox.AI.OpenAI.UnitTests.csproj", "{B55944F2-9B31-4C01-8CFC-0529DDE05814}"
EndProject
Project("{9A19103F-16F7-4668-BE54-9A1E7A4F7556}") = "DotNetToolbox.Linq", "Core\Linq\DotNetToolbox.Linq.csproj", "{02EB8C8C-CC61-4DA9-A52A-8D246270805E}"
EndProject
Project("{2150E333-8FDC-42A3-9474-1A3956D46DE8}") = "2 Data Storage", "2 Data Storage", "{4EB4A938-96E1-4690-8A51-18135AA362CC}"
EndProject
Project("{9A19103F-16F7-4668-BE54-9A1E7A4F7556}") = "DotNetToolbox.Data", "Data\Storage\DotNetToolbox.Data.csproj", "{B7BC9617-B5EE-491A-8CAE-728D8280E854}"
EndProject
Project("{9A19103F-16F7-4668-BE54-9A1E7A4F7556}") = "DotNetToolbox.AI.Anthropic.UnitTests", "AI\Anthropic.UnitTests\DotNetToolbox.AI.Anthropic.UnitTests.csproj", "{8685397D-C8BF-4DC8-A62A-020C64A96A10}"
EndProject
Project("{9A19103F-16F7-4668-BE54-9A1E7A4F7556}") = "DotNetToolbox.Data.UnitTests", "Data\Storage.UnitTests\DotNetToolbox.Data.UnitTests.csproj", "{FDA7DEA0-8FCA-4AFD-B588-06086AAF98F3}"
EndProject
Project("{9A19103F-16F7-4668-BE54-9A1E7A4F7556}") = "DotNetToolbox.Linq.UnitTests", "Core\Linq.UnitTests\DotNetToolbox.Linq.UnitTests.csproj", "{E1429FDF-E580-4C0F-9E07-A1C218042DD7}"
EndProject
Project("{9A19103F-16F7-4668-BE54-9A1E7A4F7556}") = "DotNetToolbox.Graph", "Core\Graph\DotNetToolbox.Graph.csproj", "{8D4AC671-00EB-4452-A36E-688991F693B4}"
EndProject
Project("{9A19103F-16F7-4668-BE54-9A1E7A4F7556}") = "DotNetToolbox.Graph.UnitTests", "Core\Graph.UnitTests\DotNetToolbox.Graph.UnitTests.csproj", "{872AA38F-52D5-4133-910D-24A34EB8F066}"
EndProject
Project("{2150E333-8FDC-42A3-9474-1A3956D46DE8}") = "2 Tests", "2 Tests", "{C4DAA810-1945-4670-A7BF-403D7223B835}"
EndProject
Project("{2150E333-8FDC-42A3-9474-1A3956D46DE8}") = "1 Console", "1 Console", "{0236CED6-1120-4BF3-A704-8E2F1B73E3B4}"
EndProject
Project("{2150E333-8FDC-42A3-9474-1A3956D46DE8}") = "1 Core", "1 Core", "{B189BDE2-515B-43A0-9101-170B107C2C7F}"
EndProject
Project("{2150E333-8FDC-42A3-9474-1A3956D46DE8}") = "1 Testing", "1 Testing", "{67A32B5A-14A4-4ED0-BADE-F15CD6B22021}"
EndProject
Project("{2150E333-8FDC-42A3-9474-1A3956D46DE8}") = "1 Utilities", "1 Utilities", "{4B8E0174-B3F9-4200-8737-AB19123BCAD5}"
EndProject
Project("{2150E333-8FDC-42A3-9474-1A3956D46DE8}") = "2 Cloud", "2 Cloud", "{37A04021-EA84-4787-9822-B402FC1A057C}"
EndProject
Project("{2150E333-8FDC-42A3-9474-1A3956D46DE8}") = "2 Console", "2 Console", "{DD6D2DEF-66B4-47C7-8D10-625770EE77F1}"
EndProject
Project("{2150E333-8FDC-42A3-9474-1A3956D46DE8}") = "2 Data Storage", "2 Data Storage", "{470D8820-9CC4-42D0-9E17-998ECBA97B65}"
EndProject
Project("{2150E333-8FDC-42A3-9474-1A3956D46DE8}") = "3 AI", "3 AI", "{23112977-C0D1-47BF-A822-A740C988A4A7}"
EndProject
Project("{2150E333-8FDC-42A3-9474-1A3956D46DE8}") = "1 Source", "1 Source", "{E5FE132D-BD1B-4C87-AF98-CB15869F8A16}"
EndProject
Project("{2150E333-8FDC-42A3-9474-1A3956D46DE8}") = "3 Examples", "3 Examples", "{EF7EFC18-CD7F-4E82-A460-0D269C1FA668}"
EndProject
Project("{9A19103F-16F7-4668-BE54-9A1E7A4F7556}") = "DotNetToolbox.Graph.AI", "AI\Graph\DotNetToolbox.Graph.AI.csproj", "{420C5C1C-BC13-44F7-A682-F85F3A08A47F}"
EndProject
Project("{2150E333-8FDC-42A3-9474-1A3956D46DE8}") = "2 AI", "2 AI", "{CCCB0CB3-08AB-4327-AB3A-0B3464DBC508}"
EndProject
Project("{FAE04EC0-301F-11D3-BF4B-00C04F79EFBC}") = "DotNetToolbox.AI.Sample", "AI\Console\DotNetToolbox.AI.Sample.csproj", "{98DC21E1-598B-4651-914B-0BEA9D44C95F}"
EndProject
Project("{FAE04EC0-301F-11D3-BF4B-00C04F79EFBC}") = "DotNetToolbox.Data.File", "Data\File\DotNetToolbox.Data.File.csproj", "{ECFA625D-42E1-443B-B625-FE1E8E77B254}"
EndProject
Global
	GlobalSection(SolutionConfigurationPlatforms) = preSolution
		Debug|Any CPU = Debug|Any CPU
		Release|Any CPU = Release|Any CPU
	EndGlobalSection
	GlobalSection(ProjectConfigurationPlatforms) = postSolution
		{C0308621-0189-4E32-A6FB-B0198D0B7A38}.Debug|Any CPU.ActiveCfg = Debug|Any CPU
		{C0308621-0189-4E32-A6FB-B0198D0B7A38}.Debug|Any CPU.Build.0 = Debug|Any CPU
		{C0308621-0189-4E32-A6FB-B0198D0B7A38}.Release|Any CPU.ActiveCfg = Release|Any CPU
		{C0308621-0189-4E32-A6FB-B0198D0B7A38}.Release|Any CPU.Build.0 = Release|Any CPU
		{C116D92D-1D32-4F5F-91CC-28C7807FD2E8}.Debug|Any CPU.ActiveCfg = Debug|Any CPU
		{C116D92D-1D32-4F5F-91CC-28C7807FD2E8}.Debug|Any CPU.Build.0 = Debug|Any CPU
		{C116D92D-1D32-4F5F-91CC-28C7807FD2E8}.Release|Any CPU.ActiveCfg = Release|Any CPU
		{22E5F4EC-DD9C-4F7E-9FE7-50978EC96577}.Debug|Any CPU.ActiveCfg = Debug|Any CPU
		{22E5F4EC-DD9C-4F7E-9FE7-50978EC96577}.Debug|Any CPU.Build.0 = Debug|Any CPU
		{22E5F4EC-DD9C-4F7E-9FE7-50978EC96577}.Release|Any CPU.ActiveCfg = Release|Any CPU
		{22E5F4EC-DD9C-4F7E-9FE7-50978EC96577}.Release|Any CPU.Build.0 = Release|Any CPU
		{310680D3-C24B-4F79-A18A-944F9B6AC096}.Debug|Any CPU.ActiveCfg = Debug|Any CPU
		{310680D3-C24B-4F79-A18A-944F9B6AC096}.Debug|Any CPU.Build.0 = Debug|Any CPU
		{310680D3-C24B-4F79-A18A-944F9B6AC096}.Release|Any CPU.ActiveCfg = Release|Any CPU
		{474DF468-8CB0-4DB5-A31A-28609A61FEA7}.Debug|Any CPU.ActiveCfg = Debug|Any CPU
		{474DF468-8CB0-4DB5-A31A-28609A61FEA7}.Debug|Any CPU.Build.0 = Debug|Any CPU
		{474DF468-8CB0-4DB5-A31A-28609A61FEA7}.Release|Any CPU.ActiveCfg = Release|Any CPU
		{474DF468-8CB0-4DB5-A31A-28609A61FEA7}.Release|Any CPU.Build.0 = Release|Any CPU
		{FD992DD6-1DBE-4948-AA13-2DDAA71A4130}.Debug|Any CPU.ActiveCfg = Debug|Any CPU
		{FD992DD6-1DBE-4948-AA13-2DDAA71A4130}.Debug|Any CPU.Build.0 = Debug|Any CPU
		{FD992DD6-1DBE-4948-AA13-2DDAA71A4130}.Release|Any CPU.ActiveCfg = Release|Any CPU
		{527E226A-DC59-406A-B525-387921A7EEB4}.Debug|Any CPU.ActiveCfg = Debug|Any CPU
		{527E226A-DC59-406A-B525-387921A7EEB4}.Debug|Any CPU.Build.0 = Debug|Any CPU
		{527E226A-DC59-406A-B525-387921A7EEB4}.Release|Any CPU.ActiveCfg = Release|Any CPU
		{527E226A-DC59-406A-B525-387921A7EEB4}.Release|Any CPU.Build.0 = Release|Any CPU
		{FFD327AE-94BE-4B1A-B817-A765FD5B0CE9}.Debug|Any CPU.ActiveCfg = Debug|Any CPU
		{FFD327AE-94BE-4B1A-B817-A765FD5B0CE9}.Debug|Any CPU.Build.0 = Debug|Any CPU
		{FFD327AE-94BE-4B1A-B817-A765FD5B0CE9}.Release|Any CPU.ActiveCfg = Release|Any CPU
		{1C6644F0-167D-4E79-AC42-DA5669FE110F}.Debug|Any CPU.ActiveCfg = Debug|Any CPU
		{1C6644F0-167D-4E79-AC42-DA5669FE110F}.Debug|Any CPU.Build.0 = Debug|Any CPU
		{1C6644F0-167D-4E79-AC42-DA5669FE110F}.Release|Any CPU.ActiveCfg = Release|Any CPU
		{1C6644F0-167D-4E79-AC42-DA5669FE110F}.Release|Any CPU.Build.0 = Release|Any CPU
		{AA95EE6D-BBC9-494A-BA69-B5C9A1C05DFE}.Debug|Any CPU.ActiveCfg = Debug|Any CPU
		{AA95EE6D-BBC9-494A-BA69-B5C9A1C05DFE}.Debug|Any CPU.Build.0 = Debug|Any CPU
		{AA95EE6D-BBC9-494A-BA69-B5C9A1C05DFE}.Release|Any CPU.ActiveCfg = Release|Any CPU
		{B62A435E-96F3-422F-B5A0-30A8C4BD8F2B}.Debug|Any CPU.ActiveCfg = Debug|Any CPU
		{B62A435E-96F3-422F-B5A0-30A8C4BD8F2B}.Debug|Any CPU.Build.0 = Debug|Any CPU
		{B62A435E-96F3-422F-B5A0-30A8C4BD8F2B}.Release|Any CPU.ActiveCfg = Release|Any CPU
		{B62A435E-96F3-422F-B5A0-30A8C4BD8F2B}.Release|Any CPU.Build.0 = Release|Any CPU
		{7397C94F-80AD-44EC-8F9E-11C789DD5E9C}.Debug|Any CPU.ActiveCfg = Debug|Any CPU
		{7397C94F-80AD-44EC-8F9E-11C789DD5E9C}.Debug|Any CPU.Build.0 = Debug|Any CPU
		{7397C94F-80AD-44EC-8F9E-11C789DD5E9C}.Release|Any CPU.ActiveCfg = Release|Any CPU
		{7397C94F-80AD-44EC-8F9E-11C789DD5E9C}.Release|Any CPU.Build.0 = Release|Any CPU
		{836E8879-5054-41E7-86EC-7D8C10BD2A96}.Debug|Any CPU.ActiveCfg = Debug|Any CPU
		{836E8879-5054-41E7-86EC-7D8C10BD2A96}.Debug|Any CPU.Build.0 = Debug|Any CPU
		{836E8879-5054-41E7-86EC-7D8C10BD2A96}.Release|Any CPU.ActiveCfg = Release|Any CPU
		{7F21AEAC-3285-474E-B19C-333856ACE888}.Debug|Any CPU.ActiveCfg = Debug|Any CPU
		{7F21AEAC-3285-474E-B19C-333856ACE888}.Debug|Any CPU.Build.0 = Debug|Any CPU
		{7F21AEAC-3285-474E-B19C-333856ACE888}.Release|Any CPU.ActiveCfg = Release|Any CPU
		{7F21AEAC-3285-474E-B19C-333856ACE888}.Release|Any CPU.Build.0 = Release|Any CPU
		{857AADEE-5A43-46A0-B598-82918D0B06A6}.Debug|Any CPU.ActiveCfg = Debug|Any CPU
		{857AADEE-5A43-46A0-B598-82918D0B06A6}.Debug|Any CPU.Build.0 = Debug|Any CPU
		{857AADEE-5A43-46A0-B598-82918D0B06A6}.Release|Any CPU.ActiveCfg = Release|Any CPU
		{39079AA8-5ABC-4C32-B2CD-E8B8FC49BCD6}.Debug|Any CPU.ActiveCfg = Debug|Any CPU
		{39079AA8-5ABC-4C32-B2CD-E8B8FC49BCD6}.Debug|Any CPU.Build.0 = Debug|Any CPU
		{39079AA8-5ABC-4C32-B2CD-E8B8FC49BCD6}.Release|Any CPU.ActiveCfg = Release|Any CPU
		{39079AA8-5ABC-4C32-B2CD-E8B8FC49BCD6}.Release|Any CPU.Build.0 = Release|Any CPU
		{1B8BDD9A-19AE-4DCE-95FF-32813A6A2CC1}.Debug|Any CPU.ActiveCfg = Debug|Any CPU
		{1B8BDD9A-19AE-4DCE-95FF-32813A6A2CC1}.Debug|Any CPU.Build.0 = Debug|Any CPU
		{1B8BDD9A-19AE-4DCE-95FF-32813A6A2CC1}.Release|Any CPU.ActiveCfg = Release|Any CPU
		{574B6C14-9D19-4283-AEB9-13754EE6437C}.Debug|Any CPU.ActiveCfg = Debug|Any CPU
		{574B6C14-9D19-4283-AEB9-13754EE6437C}.Debug|Any CPU.Build.0 = Debug|Any CPU
		{574B6C14-9D19-4283-AEB9-13754EE6437C}.Release|Any CPU.ActiveCfg = Release|Any CPU
		{88BA5A80-5353-4A03-BFF2-92F4A1951A70}.Debug|Any CPU.ActiveCfg = Debug|Any CPU
		{88BA5A80-5353-4A03-BFF2-92F4A1951A70}.Debug|Any CPU.Build.0 = Debug|Any CPU
		{88BA5A80-5353-4A03-BFF2-92F4A1951A70}.Release|Any CPU.ActiveCfg = Release|Any CPU
		{7B5CE993-A346-4550-B2CD-6C18889DB7B3}.Debug|Any CPU.ActiveCfg = Debug|Any CPU
		{7B5CE993-A346-4550-B2CD-6C18889DB7B3}.Debug|Any CPU.Build.0 = Debug|Any CPU
		{7B5CE993-A346-4550-B2CD-6C18889DB7B3}.Release|Any CPU.ActiveCfg = Release|Any CPU
		{7B5CE993-A346-4550-B2CD-6C18889DB7B3}.Release|Any CPU.Build.0 = Release|Any CPU
		{069556EA-B66F-4176-8F24-5092B1A1183A}.Debug|Any CPU.ActiveCfg = Debug|Any CPU
		{069556EA-B66F-4176-8F24-5092B1A1183A}.Debug|Any CPU.Build.0 = Debug|Any CPU
		{069556EA-B66F-4176-8F24-5092B1A1183A}.Release|Any CPU.ActiveCfg = Release|Any CPU
		{069556EA-B66F-4176-8F24-5092B1A1183A}.Release|Any CPU.Build.0 = Release|Any CPU
		{CCD73170-0753-468E-A633-5BA56D44C634}.Debug|Any CPU.ActiveCfg = Debug|Any CPU
		{CCD73170-0753-468E-A633-5BA56D44C634}.Debug|Any CPU.Build.0 = Debug|Any CPU
		{CCD73170-0753-468E-A633-5BA56D44C634}.Release|Any CPU.ActiveCfg = Release|Any CPU
		{CCD73170-0753-468E-A633-5BA56D44C634}.Release|Any CPU.Build.0 = Release|Any CPU
		{D35099E2-30D7-454F-B947-7D0FC27EF782}.Debug|Any CPU.ActiveCfg = Debug|Any CPU
		{D35099E2-30D7-454F-B947-7D0FC27EF782}.Debug|Any CPU.Build.0 = Debug|Any CPU
		{D35099E2-30D7-454F-B947-7D0FC27EF782}.Release|Any CPU.ActiveCfg = Release|Any CPU
		{D35099E2-30D7-454F-B947-7D0FC27EF782}.Release|Any CPU.Build.0 = Release|Any CPU
		{FAC977E2-395E-4F83-A3F9-06CEE5009E5D}.Debug|Any CPU.ActiveCfg = Debug|Any CPU
		{FAC977E2-395E-4F83-A3F9-06CEE5009E5D}.Debug|Any CPU.Build.0 = Debug|Any CPU
		{FAC977E2-395E-4F83-A3F9-06CEE5009E5D}.Release|Any CPU.ActiveCfg = Release|Any CPU
		{FAC977E2-395E-4F83-A3F9-06CEE5009E5D}.Release|Any CPU.Build.0 = Release|Any CPU
		{B55944F2-9B31-4C01-8CFC-0529DDE05814}.Debug|Any CPU.ActiveCfg = Debug|Any CPU
		{B55944F2-9B31-4C01-8CFC-0529DDE05814}.Debug|Any CPU.Build.0 = Debug|Any CPU
		{B55944F2-9B31-4C01-8CFC-0529DDE05814}.Release|Any CPU.ActiveCfg = Release|Any CPU
		{B55944F2-9B31-4C01-8CFC-0529DDE05814}.Release|Any CPU.Build.0 = Release|Any CPU
		{02EB8C8C-CC61-4DA9-A52A-8D246270805E}.Debug|Any CPU.ActiveCfg = Debug|Any CPU
		{02EB8C8C-CC61-4DA9-A52A-8D246270805E}.Debug|Any CPU.Build.0 = Debug|Any CPU
		{02EB8C8C-CC61-4DA9-A52A-8D246270805E}.Release|Any CPU.ActiveCfg = Release|Any CPU
		{02EB8C8C-CC61-4DA9-A52A-8D246270805E}.Release|Any CPU.Build.0 = Release|Any CPU
		{B7BC9617-B5EE-491A-8CAE-728D8280E854}.Debug|Any CPU.ActiveCfg = Debug|Any CPU
		{B7BC9617-B5EE-491A-8CAE-728D8280E854}.Debug|Any CPU.Build.0 = Debug|Any CPU
		{B7BC9617-B5EE-491A-8CAE-728D8280E854}.Release|Any CPU.ActiveCfg = Release|Any CPU
		{B7BC9617-B5EE-491A-8CAE-728D8280E854}.Release|Any CPU.Build.0 = Release|Any CPU
		{8685397D-C8BF-4DC8-A62A-020C64A96A10}.Debug|Any CPU.ActiveCfg = Debug|Any CPU
		{8685397D-C8BF-4DC8-A62A-020C64A96A10}.Debug|Any CPU.Build.0 = Debug|Any CPU
		{8685397D-C8BF-4DC8-A62A-020C64A96A10}.Release|Any CPU.ActiveCfg = Release|Any CPU
		{8685397D-C8BF-4DC8-A62A-020C64A96A10}.Release|Any CPU.Build.0 = Release|Any CPU
		{FDA7DEA0-8FCA-4AFD-B588-06086AAF98F3}.Debug|Any CPU.ActiveCfg = Debug|Any CPU
		{FDA7DEA0-8FCA-4AFD-B588-06086AAF98F3}.Debug|Any CPU.Build.0 = Debug|Any CPU
		{FDA7DEA0-8FCA-4AFD-B588-06086AAF98F3}.Release|Any CPU.ActiveCfg = Release|Any CPU
		{FDA7DEA0-8FCA-4AFD-B588-06086AAF98F3}.Release|Any CPU.Build.0 = Release|Any CPU
		{E1429FDF-E580-4C0F-9E07-A1C218042DD7}.Debug|Any CPU.ActiveCfg = Debug|Any CPU
		{E1429FDF-E580-4C0F-9E07-A1C218042DD7}.Debug|Any CPU.Build.0 = Debug|Any CPU
		{E1429FDF-E580-4C0F-9E07-A1C218042DD7}.Release|Any CPU.ActiveCfg = Release|Any CPU
		{E1429FDF-E580-4C0F-9E07-A1C218042DD7}.Release|Any CPU.Build.0 = Release|Any CPU
		{8D4AC671-00EB-4452-A36E-688991F693B4}.Debug|Any CPU.ActiveCfg = Debug|Any CPU
		{8D4AC671-00EB-4452-A36E-688991F693B4}.Debug|Any CPU.Build.0 = Debug|Any CPU
		{8D4AC671-00EB-4452-A36E-688991F693B4}.Release|Any CPU.ActiveCfg = Release|Any CPU
		{8D4AC671-00EB-4452-A36E-688991F693B4}.Release|Any CPU.Build.0 = Release|Any CPU
		{872AA38F-52D5-4133-910D-24A34EB8F066}.Debug|Any CPU.ActiveCfg = Debug|Any CPU
		{872AA38F-52D5-4133-910D-24A34EB8F066}.Debug|Any CPU.Build.0 = Debug|Any CPU
		{872AA38F-52D5-4133-910D-24A34EB8F066}.Release|Any CPU.ActiveCfg = Release|Any CPU
		{872AA38F-52D5-4133-910D-24A34EB8F066}.Release|Any CPU.Build.0 = Release|Any CPU
		{420C5C1C-BC13-44F7-A682-F85F3A08A47F}.Debug|Any CPU.ActiveCfg = Debug|Any CPU
		{420C5C1C-BC13-44F7-A682-F85F3A08A47F}.Debug|Any CPU.Build.0 = Debug|Any CPU
		{420C5C1C-BC13-44F7-A682-F85F3A08A47F}.Release|Any CPU.ActiveCfg = Release|Any CPU
		{420C5C1C-BC13-44F7-A682-F85F3A08A47F}.Release|Any CPU.Build.0 = Release|Any CPU
		{98DC21E1-598B-4651-914B-0BEA9D44C95F}.Debug|Any CPU.ActiveCfg = Debug|Any CPU
		{98DC21E1-598B-4651-914B-0BEA9D44C95F}.Debug|Any CPU.Build.0 = Debug|Any CPU
		{98DC21E1-598B-4651-914B-0BEA9D44C95F}.Release|Any CPU.ActiveCfg = Release|Any CPU
		{98DC21E1-598B-4651-914B-0BEA9D44C95F}.Release|Any CPU.Build.0 = Release|Any CPU
		{ECFA625D-42E1-443B-B625-FE1E8E77B254}.Debug|Any CPU.ActiveCfg = Debug|Any CPU
		{ECFA625D-42E1-443B-B625-FE1E8E77B254}.Debug|Any CPU.Build.0 = Debug|Any CPU
		{ECFA625D-42E1-443B-B625-FE1E8E77B254}.Release|Any CPU.ActiveCfg = Release|Any CPU
		{ECFA625D-42E1-443B-B625-FE1E8E77B254}.Release|Any CPU.Build.0 = Release|Any CPU
	EndGlobalSection
	GlobalSection(SolutionProperties) = preSolution
		HideSolutionNode = FALSE
	EndGlobalSection
	GlobalSection(NestedProjects) = preSolution
		{C0308621-0189-4E32-A6FB-B0198D0B7A38} = {26704704-EAF1-48B3-825A-7471AA3B59ED}
		{C116D92D-1D32-4F5F-91CC-28C7807FD2E8} = {B189BDE2-515B-43A0-9101-170B107C2C7F}
		{22E5F4EC-DD9C-4F7E-9FE7-50978EC96577} = {98BC8EAD-6E9C-4FCA-A374-AAB96F047FC0}
		{310680D3-C24B-4F79-A18A-944F9B6AC096} = {37A04021-EA84-4787-9822-B402FC1A057C}
		{474DF468-8CB0-4DB5-A31A-28609A61FEA7} = {98BC8EAD-6E9C-4FCA-A374-AAB96F047FC0}
		{FD992DD6-1DBE-4948-AA13-2DDAA71A4130} = {37A04021-EA84-4787-9822-B402FC1A057C}
		{527E226A-DC59-406A-B525-387921A7EEB4} = {E24F02A0-1C68-44DC-8065-15889FC56490}
		{FFD327AE-94BE-4B1A-B817-A765FD5B0CE9} = {4B8E0174-B3F9-4200-8737-AB19123BCAD5}
		{1C6644F0-167D-4E79-AC42-DA5669FE110F} = {E24F02A0-1C68-44DC-8065-15889FC56490}
		{AA95EE6D-BBC9-494A-BA69-B5C9A1C05DFE} = {4B8E0174-B3F9-4200-8737-AB19123BCAD5}
		{B62A435E-96F3-422F-B5A0-30A8C4BD8F2B} = {56746752-64B7-48C0-A8C2-3F3390F35E77}
		{7397C94F-80AD-44EC-8F9E-11C789DD5E9C} = {E24F02A0-1C68-44DC-8065-15889FC56490}
		{836E8879-5054-41E7-86EC-7D8C10BD2A96} = {4B8E0174-B3F9-4200-8737-AB19123BCAD5}
		{7F21AEAC-3285-474E-B19C-333856ACE888} = {B21A0D66-A2B8-45DC-B025-ECB7A10AC584}
		{857AADEE-5A43-46A0-B598-82918D0B06A6} = {23112977-C0D1-47BF-A822-A740C988A4A7}
		{39079AA8-5ABC-4C32-B2CD-E8B8FC49BCD6} = {A1EFA213-B4DB-4DFD-B829-188C511C63B1}
		{1B8BDD9A-19AE-4DCE-95FF-32813A6A2CC1} = {DD6D2DEF-66B4-47C7-8D10-625770EE77F1}
		{574B6C14-9D19-4283-AEB9-13754EE6437C} = {0236CED6-1120-4BF3-A704-8E2F1B73E3B4}
		{88BA5A80-5353-4A03-BFF2-92F4A1951A70} = {0236CED6-1120-4BF3-A704-8E2F1B73E3B4}
		{26704704-EAF1-48B3-825A-7471AA3B59ED} = {E5FE132D-BD1B-4C87-AF98-CB15869F8A16}
		{98BC8EAD-6E9C-4FCA-A374-AAB96F047FC0} = {E5FE132D-BD1B-4C87-AF98-CB15869F8A16}
		{E24F02A0-1C68-44DC-8065-15889FC56490} = {E5FE132D-BD1B-4C87-AF98-CB15869F8A16}
		{A1EFA213-B4DB-4DFD-B829-188C511C63B1} = {E5FE132D-BD1B-4C87-AF98-CB15869F8A16}
		{B21A0D66-A2B8-45DC-B025-ECB7A10AC584} = {E5FE132D-BD1B-4C87-AF98-CB15869F8A16}
		{56746752-64B7-48C0-A8C2-3F3390F35E77} = {E5FE132D-BD1B-4C87-AF98-CB15869F8A16}
		{7B5CE993-A346-4550-B2CD-6C18889DB7B3} = {56746752-64B7-48C0-A8C2-3F3390F35E77}
		{069556EA-B66F-4176-8F24-5092B1A1183A} = {67A32B5A-14A4-4ED0-BADE-F15CD6B22021}
		{CCD73170-0753-468E-A633-5BA56D44C634} = {67A32B5A-14A4-4ED0-BADE-F15CD6B22021}
		{D35099E2-30D7-454F-B947-7D0FC27EF782} = {B21A0D66-A2B8-45DC-B025-ECB7A10AC584}
		{FAC977E2-395E-4F83-A3F9-06CEE5009E5D} = {B21A0D66-A2B8-45DC-B025-ECB7A10AC584}
		{B55944F2-9B31-4C01-8CFC-0529DDE05814} = {23112977-C0D1-47BF-A822-A740C988A4A7}
		{02EB8C8C-CC61-4DA9-A52A-8D246270805E} = {26704704-EAF1-48B3-825A-7471AA3B59ED}
		{4EB4A938-96E1-4690-8A51-18135AA362CC} = {E5FE132D-BD1B-4C87-AF98-CB15869F8A16}
		{B7BC9617-B5EE-491A-8CAE-728D8280E854} = {4EB4A938-96E1-4690-8A51-18135AA362CC}
		{8685397D-C8BF-4DC8-A62A-020C64A96A10} = {23112977-C0D1-47BF-A822-A740C988A4A7}
		{FDA7DEA0-8FCA-4AFD-B588-06086AAF98F3} = {470D8820-9CC4-42D0-9E17-998ECBA97B65}
		{E1429FDF-E580-4C0F-9E07-A1C218042DD7} = {B189BDE2-515B-43A0-9101-170B107C2C7F}
		{8D4AC671-00EB-4452-A36E-688991F693B4} = {26704704-EAF1-48B3-825A-7471AA3B59ED}
		{872AA38F-52D5-4133-910D-24A34EB8F066} = {B189BDE2-515B-43A0-9101-170B107C2C7F}
		{0236CED6-1120-4BF3-A704-8E2F1B73E3B4} = {EF7EFC18-CD7F-4E82-A460-0D269C1FA668}
		{B189BDE2-515B-43A0-9101-170B107C2C7F} = {C4DAA810-1945-4670-A7BF-403D7223B835}
		{67A32B5A-14A4-4ED0-BADE-F15CD6B22021} = {C4DAA810-1945-4670-A7BF-403D7223B835}
		{4B8E0174-B3F9-4200-8737-AB19123BCAD5} = {C4DAA810-1945-4670-A7BF-403D7223B835}
		{37A04021-EA84-4787-9822-B402FC1A057C} = {C4DAA810-1945-4670-A7BF-403D7223B835}
		{DD6D2DEF-66B4-47C7-8D10-625770EE77F1} = {C4DAA810-1945-4670-A7BF-403D7223B835}
		{470D8820-9CC4-42D0-9E17-998ECBA97B65} = {C4DAA810-1945-4670-A7BF-403D7223B835}
		{23112977-C0D1-47BF-A822-A740C988A4A7} = {C4DAA810-1945-4670-A7BF-403D7223B835}
		{420C5C1C-BC13-44F7-A682-F85F3A08A47F} = {B21A0D66-A2B8-45DC-B025-ECB7A10AC584}
		{CCCB0CB3-08AB-4327-AB3A-0B3464DBC508} = {EF7EFC18-CD7F-4E82-A460-0D269C1FA668}
		{98DC21E1-598B-4651-914B-0BEA9D44C95F} = {CCCB0CB3-08AB-4327-AB3A-0B3464DBC508}
		{ECFA625D-42E1-443B-B625-FE1E8E77B254} = {4EB4A938-96E1-4690-8A51-18135AA362CC}
	EndGlobalSection
	GlobalSection(ExtensibilityGlobals) = postSolution
		SolutionGuid = {E39C3928-B20B-434E-B41E-D56414582625}
	EndGlobalSection
EndGlobal
