<Solution>
  <Properties Name="Visual Studio">
    <Property Name="OpenWith" Value="17" />
  </Properties>
  <Folder Name="/1 Source/" />
  <Folder Name="/2 Tests/" />
  <Folder Name="/3 Samples/" />
  <Folder Name="/1 Source/1 Core/">
    <Project Path="Core\Core\DotNetToolbox.Core.csproj" />
    <Project Path="Core\Linq\DotNetToolbox.Linq.csproj" />
    <Project Path="Core\Graph\DotNetToolbox.Graph.csproj" />
  </Folder>
  <Folder Name="/1 Source/1 Testing/">
    <Project Path="Testing\FluentAssertions\DotNetToolbox.FluentAssertions.csproj" />
    <Project Path="Testing\TestUtilities\DotNetToolbox.TestUtilities.csproj" />
  </Folder>
  <Folder Name="/1 Source/1 Utilities/">
    <Project Path="Utilities\ObjectDumper\DotNetToolbox.ObjectDumper.csproj" />
    <Project Path="Utilities\Security\DotNetToolbox.Security.csproj" />
    <Project Path="Utilities\ValidationBuilder\DotNetToolbox.ValidationBuilder.csproj" />
  </Folder>
  <Folder Name="/1 Source/2 Cloud/">
    <Project Path="Cloud\Azure\DotNetToolbox.Azure.csproj" />
    <Project Path="Cloud\Http\DotNetToolbox.Http.csproj" />
  </Folder>
  <Folder Name="/1 Source/2 Console/">
    <Project Path="Applications\Console\DotNetToolbox.Console.csproj" />
  </Folder>
  <Folder Name="/1 Source/2 Data Storage/">
    <Project Path="Data\Storage\DotNetToolbox.Data.csproj" />
  </Folder>
  <Folder Name="/1 Source/3 AI/">
    <Project Path="AI\Core\DotNetToolbox.AI.csproj" />
    <Project Path="AI\Anthropic\DotNetToolbox.AI.Anthropic.csproj" />
    <Project Path="AI\OpenAI\DotNetToolbox.AI.OpenAI.csproj" />
    <Project Path="Applications\Lola\Lola.csproj" />
  </Folder>
  <Folder Name="/2 Tests/1 Core/">
    <Project Path="Core.Unit.UnitTests\DotNetToolbox.Core.UnitTests.csproj" />
    <Project Path="Core\Linq.UnitTests\DotNetToolbox.Linq.UnitTests.csproj" />
  </Folder>
  <Folder Name="/2 Tests/1 Testing/">
    <Project Path="Testing\FluentAssertions.UnitTests\DotNetToolbox.FluentAssertions.UnitTests.csproj" />
    <Project Path="Testing\TestUtilities.UnitTests\DotNetToolbox.TestUtilities.UnitTests.csproj" />
  </Folder>
  <Folder Name="/2 Tests/1 Utilities/">
    <Project Path="Utilities\ObjectDumper.UnitTests\DotNetToolbox.ObjectDumper.UnitTests.csproj" />
    <Project Path="Utilities\Security.UnitTests\DotNetToolbox.Security.UnitTests.csproj" />
    <Project Path="Utilities\ValidationBuilder.UnitTests\DotNetToolbox.ValidationBuilder.UnitTests.csproj" />
  </Folder>
  <Folder Name="/2 Tests/2 Cloud/">
    <Project Path="Cloud\Azure.UnitTests\DotNetToolbox.Azure.UnitTests.csproj" />
    <Project Path="Cloud\Http.UnitTests\DotNetToolbox.Http.UnitTests.csproj" />
  </Folder>
  <Folder Name="/2 Tests/2 Console/">
    <Project Path="Applications\Console.UnitTests\DotNetToolbox.Console.UnitTests.csproj" />
  </Folder>
  <Folder Name="/2 Tests/2 Data Storage/">
    <Project Path="Data\Storage.UnitTests\DotNetToolbox.Data.UnitTests.csproj" />
  </Folder>
  <Folder Name="/2 Tests/3 AI/">
    <Project Path="AI\Core.UnitTests\DotNetToolbox.AI.UnitTests.csproj" />
    <Project Path="AI\Anthropic.UnitTests\DotNetToolbox.AI.Anthropic.UnitTests.csproj" />
    <Project Path="AI\OpenAI.UnitTests\DotNetToolbox.AI.OpenAI.UnitTests.csproj" />
    <Project Path="Applications\Lola.UnitTests\Lola.UnitTests.csproj" />
  </Folder>
  <Folder Name="/3 Samples/2 Console/">
    <Project Path="Applications\Samples\CLI\DotNetToolbox.Console.SampleCLI.csproj" />
    <Project Path="Applications\Samples\Shell\DotNetToolbox.Console.SampleShell.csproj">
      <Configuration Solution="Release|*" Project="*|*|NoBuild" />
    </Project>
  </Folder>
</Solution>