
Microsoft Visual Studio Solution File, Format Version 12.00
# Visual Studio Version 17
VisualStudioVersion = 17.3.32825.248
MinimumVisualStudioVersion = 10.0.40219.1
Project("{2150E333-8FDC-42A3-9474-1A3956D46DE8}") = "0 Solution Items", "0 Solution Items", "{DA2062CA-F056-4060-A831-D25B637580CE}"
	ProjectSection(SolutionItems) = preProject
		.editorconfig = .editorconfig
		.runsettings = .runsettings
		DotNetToolbox.PublicKey.snk = DotNetToolbox.PublicKey.snk
		DotNetToolbox.snk = DotNetToolbox.snk
		ExecuteCleanUp.cmd = ExecuteCleanUp.cmd
		GenerateTestCoverageReport.cmd = GenerateTestCoverageReport.cmd
		global.json = global.json
		icon.ico = icon.ico
		icon.png = icon.png
		LICENSE = LICENSE
		Publish.cmd = Publish.cmd
		PublishAll.cmd = PublishAll.cmd
		PublishSome.cmd = PublishSome.cmd
		..\README.md = ..\README.md
	EndProjectSection
EndProject
Project("{9A19103F-16F7-4668-BE54-9A1E7A4F7556}") = "DotNetToolbox.Core", "Core\Core\DotNetToolbox.Core.csproj", "{C0308621-0189-4E32-A6FB-B0198D0B7A38}"
EndProject
Project("{9A19103F-16F7-4668-BE54-9A1E7A4F7556}") = "DotNetToolbox.Core.UnitTests", "Core\Core.UnitTests\DotNetToolbox.Core.UnitTests.csproj", "{C116D92D-1D32-4F5F-91CC-28C7807FD2E8}"
EndProject
Project("{9A19103F-16F7-4668-BE54-9A1E7A4F7556}") = "DotNetToolbox.Azure", "Cloud\Azure\DotNetToolbox.Azure.csproj", "{22E5F4EC-DD9C-4F7E-9FE7-50978EC96577}"
EndProject
Project("{9A19103F-16F7-4668-BE54-9A1E7A4F7556}") = "DotNetToolbox.Azure.UnitTests", "Cloud\Azure.UnitTests\DotNetToolbox.Azure.UnitTests.csproj", "{310680D3-C24B-4F79-A18A-944F9B6AC096}"
EndProject
Project("{9A19103F-16F7-4668-BE54-9A1E7A4F7556}") = "DotNetToolbox.Http", "Cloud\Http\DotNetToolbox.Http.csproj", "{474DF468-8CB0-4DB5-A31A-28609A61FEA7}"
EndProject
Project("{9A19103F-16F7-4668-BE54-9A1E7A4F7556}") = "DotNetToolbox.Http.UnitTests", "Cloud\Http.UnitTests\DotNetToolbox.Http.UnitTests.csproj", "{FD992DD6-1DBE-4948-AA13-2DDAA71A4130}"
EndProject
Project("{9A19103F-16F7-4668-BE54-9A1E7A4F7556}") = "DotNetToolbox.ValidationBuilder", "Utilities\ValidationBuilder\DotNetToolbox.ValidationBuilder.csproj", "{527E226A-DC59-406A-B525-387921A7EEB4}"
EndProject
Project("{9A19103F-16F7-4668-BE54-9A1E7A4F7556}") = "DotNetToolbox.ValidationBuilder.UnitTests", "Utilities\ValidationBuilder.UnitTests\DotNetToolbox.ValidationBuilder.UnitTests.csproj", "{FFD327AE-94BE-4B1A-B817-A765FD5B0CE9}"
EndProject
Project("{9A19103F-16F7-4668-BE54-9A1E7A4F7556}") = "DotNetToolbox.Security", "Utilities\Security\DotNetToolbox.Security.csproj", "{1C6644F0-167D-4E79-AC42-DA5669FE110F}"
EndProject
Project("{9A19103F-16F7-4668-BE54-9A1E7A4F7556}") = "DotNetToolbox.Security.UnitTests", "Utilities\Security.UnitTests\DotNetToolbox.Security.UnitTests.csproj", "{AA95EE6D-BBC9-494A-BA69-B5C9A1C05DFE}"
EndProject
Project("{9A19103F-16F7-4668-BE54-9A1E7A4F7556}") = "DotNetToolbox.TestUtilities", "Testing\TestUtilities\DotNetToolbox.TestUtilities.csproj", "{B62A435E-96F3-422F-B5A0-30A8C4BD8F2B}"
EndProject
Project("{9A19103F-16F7-4668-BE54-9A1E7A4F7556}") = "DotNetToolbox.ObjectDumper", "Utilities\ObjectDumper\DotNetToolbox.ObjectDumper.csproj", "{7397C94F-80AD-44EC-8F9E-11C789DD5E9C}"
EndProject
Project("{9A19103F-16F7-4668-BE54-9A1E7A4F7556}") = "DotNetToolbox.ObjectDumper.UnitTests", "Utilities\ObjectDumper.UnitTests\DotNetToolbox.ObjectDumper.UnitTests.csproj", "{836E8879-5054-41E7-86EC-7D8C10BD2A96}"
EndProject
Project("{9A19103F-16F7-4668-BE54-9A1E7A4F7556}") = "DotNetToolbox.AI", "AI\Core\DotNetToolbox.AI.csproj", "{7F21AEAC-3285-474E-B19C-333856ACE888}"
EndProject
Project("{9A19103F-16F7-4668-BE54-9A1E7A4F7556}") = "DotNetToolbox.AI.UnitTests", "AI\Core.UnitTests\DotNetToolbox.AI.UnitTests.csproj", "{857AADEE-5A43-46A0-B598-82918D0B06A6}"
EndProject
Project("{9A19103F-16F7-4668-BE54-9A1E7A4F7556}") = "Sophia.ConsoleClient", "Sophia\ConsoleClient\Sophia.ConsoleClient.csproj", "{546DC29A-CB9E-47AD-B02C-F80AEEBB46E6}"
EndProject
Project("{9A19103F-16F7-4668-BE54-9A1E7A4F7556}") = "Sophia.WebApp", "Sophia\WebApp\Sophia.WebApp.csproj", "{511BFDBA-80E0-4FE7-A120-B7FC58983177}"
EndProject
Project("{9A19103F-16F7-4668-BE54-9A1E7A4F7556}") = "Sophia.WebClient", "Sophia\WebClient\Sophia.WebClient.csproj", "{E87608E4-4084-437B-8865-70585079AB2B}"
EndProject
Project("{9A19103F-16F7-4668-BE54-9A1E7A4F7556}") = "DotNetToolbox.Console", "Applications\Console\DotNetToolbox.Console.csproj", "{39079AA8-5ABC-4C32-B2CD-E8B8FC49BCD6}"
EndProject
Project("{9A19103F-16F7-4668-BE54-9A1E7A4F7556}") = "DotNetToolbox.Console.UnitTests", "Applications\Console.UnitTests\DotNetToolbox.Console.UnitTests.csproj", "{1B8BDD9A-19AE-4DCE-95FF-32813A6A2CC1}"
EndProject
Project("{9A19103F-16F7-4668-BE54-9A1E7A4F7556}") = "DotNetToolbox.Console.SampleShell", "Applications\Samples\Shell\DotNetToolbox.Console.SampleShell.csproj", "{574B6C14-9D19-4283-AEB9-13754EE6437C}"
EndProject
Project("{9A19103F-16F7-4668-BE54-9A1E7A4F7556}") = "DotNetToolbox.Console.SampleCLI", "Applications\Samples\CLI\DotNetToolbox.Console.SampleCLI.csproj", "{88BA5A80-5353-4A03-BFF2-92F4A1951A70}"
EndProject
Project("{2150E333-8FDC-42A3-9474-1A3956D46DE8}") = "1 Core", "1 Core", "{26704704-EAF1-48B3-825A-7471AA3B59ED}"
EndProject
Project("{2150E333-8FDC-42A3-9474-1A3956D46DE8}") = "2 Cloud", "2 Cloud", "{98BC8EAD-6E9C-4FCA-A374-AAB96F047FC0}"
EndProject
Project("{2150E333-8FDC-42A3-9474-1A3956D46DE8}") = "1 Utilities", "1 Utilities", "{E24F02A0-1C68-44DC-8065-15889FC56490}"
EndProject
Project("{2150E333-8FDC-42A3-9474-1A3956D46DE8}") = "2 Console", "2 Console", "{A1EFA213-B4DB-4DFD-B829-188C511C63B1}"
EndProject
Project("{2150E333-8FDC-42A3-9474-1A3956D46DE8}") = "3 AI", "3 AI", "{B21A0D66-A2B8-45DC-B025-ECB7A10AC584}"
EndProject
Project("{2150E333-8FDC-42A3-9474-1A3956D46DE8}") = "1 Testing", "1 Testing", "{56746752-64B7-48C0-A8C2-3F3390F35E77}"
EndProject
Project("{9A19103F-16F7-4668-BE54-9A1E7A4F7556}") = "DotNetToolbox.FluentAssertions", "Testing\FluentAssertions\DotNetToolbox.FluentAssertions.csproj", "{7B5CE993-A346-4550-B2CD-6C18889DB7B3}"
EndProject
Project("{9A19103F-16F7-4668-BE54-9A1E7A4F7556}") = "DotNetToolbox.TestUtilities.UnitTests", "Testing\TestUtilities.UnitTests\DotNetToolbox.TestUtilities.UnitTests.csproj", "{069556EA-B66F-4176-8F24-5092B1A1183A}"
EndProject
Project("{9A19103F-16F7-4668-BE54-9A1E7A4F7556}") = "DotNetToolbox.FluentAssertions.UnitTests", "Testing\FluentAssertions.UnitTests\DotNetToolbox.FluentAssertions.UnitTests.csproj", "{CCD73170-0753-468E-A633-5BA56D44C634}"
EndProject
Project("{9A19103F-16F7-4668-BE54-9A1E7A4F7556}") = "DotNetToolbox.AI.Anthropic", "AI\Anthropic\DotNetToolbox.AI.Anthropic.csproj", "{D35099E2-30D7-454F-B947-7D0FC27EF782}"
EndProject
Project("{9A19103F-16F7-4668-BE54-9A1E7A4F7556}") = "DotNetToolbox.AI.OpenAI", "AI\OpenAI\DotNetToolbox.AI.OpenAI.csproj", "{FAC977E2-395E-4F83-A3F9-06CEE5009E5D}"
EndProject
Project("{9A19103F-16F7-4668-BE54-9A1E7A4F7556}") = "DotNetToolbox.AI.OpenAI.UnitTests", "AI\OpenAI.UnitTests\DotNetToolbox.AI.OpenAI.UnitTests.csproj", "{B55944F2-9B31-4C01-8CFC-0529DDE05814}"
EndProject
Project("{9A19103F-16F7-4668-BE54-9A1E7A4F7556}") = "Sophia.Domain", "Sophia\Domain\Sophia.Domain.csproj", "{0E518EA8-CE79-4A32-A6F6-8C2A0C5CC40A}"
EndProject
Project("{2150E333-8FDC-42A3-9474-1A3956D46DE8}") = "4 Sophia", "4 Sophia", "{32ACC08D-5765-480E-A927-E5F67CEC449F}"
EndProject
Project("{9A19103F-16F7-4668-BE54-9A1E7A4F7556}") = "Sophia.Data.EntityFramework", "Sophia\Data.EntityFramework\Sophia.Data.EntityFramework.csproj", "{85B05DBC-66D5-4F96-8582-C0B077C4C627}"
EndProject
Project("{9A19103F-16F7-4668-BE54-9A1E7A4F7556}") = "Sophia.Data.JsonFiles", "Sophia\Data.JsonFiles\Sophia.Data.JsonFiles.csproj", "{AB6CB670-31B4-4B9F-8089-D6131ACE3C5C}"
EndProject
Project("{9A19103F-16F7-4668-BE54-9A1E7A4F7556}") = "DotNetToolbox.Linq", "Core\AsyncLinq\DotNetToolbox.Linq.csproj", "{02EB8C8C-CC61-4DA9-A52A-8D246270805E}"
EndProject
Project("{2150E333-8FDC-42A3-9474-1A3956D46DE8}") = "2 Data Storage", "2 Data Storage", "{4EB4A938-96E1-4690-8A51-18135AA362CC}"
EndProject
Project("{9A19103F-16F7-4668-BE54-9A1E7A4F7556}") = "DotNetToolbox.Data.Storage", "Data\Storage\DotNetToolbox.Data.Storage.csproj", "{B7BC9617-B5EE-491A-8CAE-728D8280E854}"
EndProject
Global
	GlobalSection(SolutionConfigurationPlatforms) = preSolution
		Debug|Any CPU = Debug|Any CPU
		Release|Any CPU = Release|Any CPU
	EndGlobalSection
	GlobalSection(ProjectConfigurationPlatforms) = postSolution
		{C0308621-0189-4E32-A6FB-B0198D0B7A38}.Debug|Any CPU.ActiveCfg = Debug|Any CPU
		{C0308621-0189-4E32-A6FB-B0198D0B7A38}.Debug|Any CPU.Build.0 = Debug|Any CPU
		{C0308621-0189-4E32-A6FB-B0198D0B7A38}.Release|Any CPU.ActiveCfg = Release|Any CPU
		{C0308621-0189-4E32-A6FB-B0198D0B7A38}.Release|Any CPU.Build.0 = Release|Any CPU
		{C116D92D-1D32-4F5F-91CC-28C7807FD2E8}.Debug|Any CPU.ActiveCfg = Debug|Any CPU
		{C116D92D-1D32-4F5F-91CC-28C7807FD2E8}.Debug|Any CPU.Build.0 = Debug|Any CPU
		{C116D92D-1D32-4F5F-91CC-28C7807FD2E8}.Release|Any CPU.ActiveCfg = Release|Any CPU
		{22E5F4EC-DD9C-4F7E-9FE7-50978EC96577}.Debug|Any CPU.ActiveCfg = Debug|Any CPU
		{22E5F4EC-DD9C-4F7E-9FE7-50978EC96577}.Debug|Any CPU.Build.0 = Debug|Any CPU
		{22E5F4EC-DD9C-4F7E-9FE7-50978EC96577}.Release|Any CPU.ActiveCfg = Release|Any CPU
		{22E5F4EC-DD9C-4F7E-9FE7-50978EC96577}.Release|Any CPU.Build.0 = Release|Any CPU
		{310680D3-C24B-4F79-A18A-944F9B6AC096}.Debug|Any CPU.ActiveCfg = Debug|Any CPU
		{310680D3-C24B-4F79-A18A-944F9B6AC096}.Debug|Any CPU.Build.0 = Debug|Any CPU
		{310680D3-C24B-4F79-A18A-944F9B6AC096}.Release|Any CPU.ActiveCfg = Release|Any CPU
		{474DF468-8CB0-4DB5-A31A-28609A61FEA7}.Debug|Any CPU.ActiveCfg = Debug|Any CPU
		{474DF468-8CB0-4DB5-A31A-28609A61FEA7}.Debug|Any CPU.Build.0 = Debug|Any CPU
		{474DF468-8CB0-4DB5-A31A-28609A61FEA7}.Release|Any CPU.ActiveCfg = Release|Any CPU
		{474DF468-8CB0-4DB5-A31A-28609A61FEA7}.Release|Any CPU.Build.0 = Release|Any CPU
		{FD992DD6-1DBE-4948-AA13-2DDAA71A4130}.Debug|Any CPU.ActiveCfg = Debug|Any CPU
		{FD992DD6-1DBE-4948-AA13-2DDAA71A4130}.Debug|Any CPU.Build.0 = Debug|Any CPU
		{FD992DD6-1DBE-4948-AA13-2DDAA71A4130}.Release|Any CPU.ActiveCfg = Release|Any CPU
		{527E226A-DC59-406A-B525-387921A7EEB4}.Debug|Any CPU.ActiveCfg = Debug|Any CPU
		{527E226A-DC59-406A-B525-387921A7EEB4}.Debug|Any CPU.Build.0 = Debug|Any CPU
		{527E226A-DC59-406A-B525-387921A7EEB4}.Release|Any CPU.ActiveCfg = Release|Any CPU
		{527E226A-DC59-406A-B525-387921A7EEB4}.Release|Any CPU.Build.0 = Release|Any CPU
		{FFD327AE-94BE-4B1A-B817-A765FD5B0CE9}.Debug|Any CPU.ActiveCfg = Debug|Any CPU
		{FFD327AE-94BE-4B1A-B817-A765FD5B0CE9}.Debug|Any CPU.Build.0 = Debug|Any CPU
		{FFD327AE-94BE-4B1A-B817-A765FD5B0CE9}.Release|Any CPU.ActiveCfg = Release|Any CPU
		{1C6644F0-167D-4E79-AC42-DA5669FE110F}.Debug|Any CPU.ActiveCfg = Debug|Any CPU
		{1C6644F0-167D-4E79-AC42-DA5669FE110F}.Debug|Any CPU.Build.0 = Debug|Any CPU
		{1C6644F0-167D-4E79-AC42-DA5669FE110F}.Release|Any CPU.ActiveCfg = Release|Any CPU
		{1C6644F0-167D-4E79-AC42-DA5669FE110F}.Release|Any CPU.Build.0 = Release|Any CPU
		{AA95EE6D-BBC9-494A-BA69-B5C9A1C05DFE}.Debug|Any CPU.ActiveCfg = Debug|Any CPU
		{AA95EE6D-BBC9-494A-BA69-B5C9A1C05DFE}.Debug|Any CPU.Build.0 = Debug|Any CPU
		{AA95EE6D-BBC9-494A-BA69-B5C9A1C05DFE}.Release|Any CPU.ActiveCfg = Release|Any CPU
		{B62A435E-96F3-422F-B5A0-30A8C4BD8F2B}.Debug|Any CPU.ActiveCfg = Debug|Any CPU
		{B62A435E-96F3-422F-B5A0-30A8C4BD8F2B}.Debug|Any CPU.Build.0 = Debug|Any CPU
		{B62A435E-96F3-422F-B5A0-30A8C4BD8F2B}.Release|Any CPU.ActiveCfg = Release|Any CPU
		{B62A435E-96F3-422F-B5A0-30A8C4BD8F2B}.Release|Any CPU.Build.0 = Release|Any CPU
		{7397C94F-80AD-44EC-8F9E-11C789DD5E9C}.Debug|Any CPU.ActiveCfg = Debug|Any CPU
		{7397C94F-80AD-44EC-8F9E-11C789DD5E9C}.Debug|Any CPU.Build.0 = Debug|Any CPU
		{7397C94F-80AD-44EC-8F9E-11C789DD5E9C}.Release|Any CPU.ActiveCfg = Release|Any CPU
		{7397C94F-80AD-44EC-8F9E-11C789DD5E9C}.Release|Any CPU.Build.0 = Release|Any CPU
		{836E8879-5054-41E7-86EC-7D8C10BD2A96}.Debug|Any CPU.ActiveCfg = Debug|Any CPU
		{836E8879-5054-41E7-86EC-7D8C10BD2A96}.Debug|Any CPU.Build.0 = Debug|Any CPU
		{836E8879-5054-41E7-86EC-7D8C10BD2A96}.Release|Any CPU.ActiveCfg = Release|Any CPU
		{7F21AEAC-3285-474E-B19C-333856ACE888}.Debug|Any CPU.ActiveCfg = Debug|Any CPU
		{7F21AEAC-3285-474E-B19C-333856ACE888}.Debug|Any CPU.Build.0 = Debug|Any CPU
		{7F21AEAC-3285-474E-B19C-333856ACE888}.Release|Any CPU.ActiveCfg = Release|Any CPU
		{7F21AEAC-3285-474E-B19C-333856ACE888}.Release|Any CPU.Build.0 = Release|Any CPU
		{857AADEE-5A43-46A0-B598-82918D0B06A6}.Debug|Any CPU.ActiveCfg = Debug|Any CPU
		{857AADEE-5A43-46A0-B598-82918D0B06A6}.Debug|Any CPU.Build.0 = Debug|Any CPU
		{857AADEE-5A43-46A0-B598-82918D0B06A6}.Release|Any CPU.ActiveCfg = Release|Any CPU
		{546DC29A-CB9E-47AD-B02C-F80AEEBB46E6}.Debug|Any CPU.ActiveCfg = Debug|Any CPU
		{546DC29A-CB9E-47AD-B02C-F80AEEBB46E6}.Debug|Any CPU.Build.0 = Debug|Any CPU
		{546DC29A-CB9E-47AD-B02C-F80AEEBB46E6}.Release|Any CPU.ActiveCfg = Release|Any CPU
		{511BFDBA-80E0-4FE7-A120-B7FC58983177}.Debug|Any CPU.ActiveCfg = Debug|Any CPU
		{511BFDBA-80E0-4FE7-A120-B7FC58983177}.Debug|Any CPU.Build.0 = Debug|Any CPU
		{511BFDBA-80E0-4FE7-A120-B7FC58983177}.Release|Any CPU.ActiveCfg = Release|Any CPU
		{511BFDBA-80E0-4FE7-A120-B7FC58983177}.Release|Any CPU.Build.0 = Release|Any CPU
		{E87608E4-4084-437B-8865-70585079AB2B}.Debug|Any CPU.ActiveCfg = Debug|Any CPU
		{E87608E4-4084-437B-8865-70585079AB2B}.Debug|Any CPU.Build.0 = Debug|Any CPU
		{E87608E4-4084-437B-8865-70585079AB2B}.Release|Any CPU.ActiveCfg = Release|Any CPU
		{E87608E4-4084-437B-8865-70585079AB2B}.Release|Any CPU.Build.0 = Release|Any CPU
		{39079AA8-5ABC-4C32-B2CD-E8B8FC49BCD6}.Debug|Any CPU.ActiveCfg = Debug|Any CPU
		{39079AA8-5ABC-4C32-B2CD-E8B8FC49BCD6}.Debug|Any CPU.Build.0 = Debug|Any CPU
		{39079AA8-5ABC-4C32-B2CD-E8B8FC49BCD6}.Release|Any CPU.ActiveCfg = Release|Any CPU
		{39079AA8-5ABC-4C32-B2CD-E8B8FC49BCD6}.Release|Any CPU.Build.0 = Release|Any CPU
		{1B8BDD9A-19AE-4DCE-95FF-32813A6A2CC1}.Debug|Any CPU.ActiveCfg = Debug|Any CPU
		{1B8BDD9A-19AE-4DCE-95FF-32813A6A2CC1}.Debug|Any CPU.Build.0 = Debug|Any CPU
		{1B8BDD9A-19AE-4DCE-95FF-32813A6A2CC1}.Release|Any CPU.ActiveCfg = Release|Any CPU
		{574B6C14-9D19-4283-AEB9-13754EE6437C}.Debug|Any CPU.ActiveCfg = Debug|Any CPU
		{574B6C14-9D19-4283-AEB9-13754EE6437C}.Debug|Any CPU.Build.0 = Debug|Any CPU
		{574B6C14-9D19-4283-AEB9-13754EE6437C}.Release|Any CPU.ActiveCfg = Release|Any CPU
		{88BA5A80-5353-4A03-BFF2-92F4A1951A70}.Debug|Any CPU.ActiveCfg = Debug|Any CPU
		{88BA5A80-5353-4A03-BFF2-92F4A1951A70}.Debug|Any CPU.Build.0 = Debug|Any CPU
		{88BA5A80-5353-4A03-BFF2-92F4A1951A70}.Release|Any CPU.ActiveCfg = Release|Any CPU
		{7B5CE993-A346-4550-B2CD-6C18889DB7B3}.Debug|Any CPU.ActiveCfg = Debug|Any CPU
		{7B5CE993-A346-4550-B2CD-6C18889DB7B3}.Debug|Any CPU.Build.0 = Debug|Any CPU
		{7B5CE993-A346-4550-B2CD-6C18889DB7B3}.Release|Any CPU.ActiveCfg = Release|Any CPU
		{7B5CE993-A346-4550-B2CD-6C18889DB7B3}.Release|Any CPU.Build.0 = Release|Any CPU
		{069556EA-B66F-4176-8F24-5092B1A1183A}.Debug|Any CPU.ActiveCfg = Debug|Any CPU
		{069556EA-B66F-4176-8F24-5092B1A1183A}.Debug|Any CPU.Build.0 = Debug|Any CPU
		{069556EA-B66F-4176-8F24-5092B1A1183A}.Release|Any CPU.ActiveCfg = Release|Any CPU
		{069556EA-B66F-4176-8F24-5092B1A1183A}.Release|Any CPU.Build.0 = Release|Any CPU
		{CCD73170-0753-468E-A633-5BA56D44C634}.Debug|Any CPU.ActiveCfg = Debug|Any CPU
		{CCD73170-0753-468E-A633-5BA56D44C634}.Debug|Any CPU.Build.0 = Debug|Any CPU
		{CCD73170-0753-468E-A633-5BA56D44C634}.Release|Any CPU.ActiveCfg = Release|Any CPU
		{CCD73170-0753-468E-A633-5BA56D44C634}.Release|Any CPU.Build.0 = Release|Any CPU
		{D35099E2-30D7-454F-B947-7D0FC27EF782}.Debug|Any CPU.ActiveCfg = Debug|Any CPU
		{D35099E2-30D7-454F-B947-7D0FC27EF782}.Debug|Any CPU.Build.0 = Debug|Any CPU
		{D35099E2-30D7-454F-B947-7D0FC27EF782}.Release|Any CPU.ActiveCfg = Release|Any CPU
		{D35099E2-30D7-454F-B947-7D0FC27EF782}.Release|Any CPU.Build.0 = Release|Any CPU
		{FAC977E2-395E-4F83-A3F9-06CEE5009E5D}.Debug|Any CPU.ActiveCfg = Debug|Any CPU
		{FAC977E2-395E-4F83-A3F9-06CEE5009E5D}.Debug|Any CPU.Build.0 = Debug|Any CPU
		{FAC977E2-395E-4F83-A3F9-06CEE5009E5D}.Release|Any CPU.ActiveCfg = Release|Any CPU
		{FAC977E2-395E-4F83-A3F9-06CEE5009E5D}.Release|Any CPU.Build.0 = Release|Any CPU
		{B55944F2-9B31-4C01-8CFC-0529DDE05814}.Debug|Any CPU.ActiveCfg = Debug|Any CPU
		{B55944F2-9B31-4C01-8CFC-0529DDE05814}.Debug|Any CPU.Build.0 = Debug|Any CPU
		{B55944F2-9B31-4C01-8CFC-0529DDE05814}.Release|Any CPU.ActiveCfg = Release|Any CPU
		{B55944F2-9B31-4C01-8CFC-0529DDE05814}.Release|Any CPU.Build.0 = Release|Any CPU
		{0E518EA8-CE79-4A32-A6F6-8C2A0C5CC40A}.Debug|Any CPU.ActiveCfg = Debug|Any CPU
		{0E518EA8-CE79-4A32-A6F6-8C2A0C5CC40A}.Debug|Any CPU.Build.0 = Debug|Any CPU
		{0E518EA8-CE79-4A32-A6F6-8C2A0C5CC40A}.Release|Any CPU.ActiveCfg = Release|Any CPU
		{0E518EA8-CE79-4A32-A6F6-8C2A0C5CC40A}.Release|Any CPU.Build.0 = Release|Any CPU
		{85B05DBC-66D5-4F96-8582-C0B077C4C627}.Debug|Any CPU.ActiveCfg = Debug|Any CPU
		{85B05DBC-66D5-4F96-8582-C0B077C4C627}.Debug|Any CPU.Build.0 = Debug|Any CPU
		{85B05DBC-66D5-4F96-8582-C0B077C4C627}.Release|Any CPU.ActiveCfg = Release|Any CPU
		{85B05DBC-66D5-4F96-8582-C0B077C4C627}.Release|Any CPU.Build.0 = Release|Any CPU
		{AB6CB670-31B4-4B9F-8089-D6131ACE3C5C}.Debug|Any CPU.ActiveCfg = Debug|Any CPU
		{AB6CB670-31B4-4B9F-8089-D6131ACE3C5C}.Debug|Any CPU.Build.0 = Debug|Any CPU
		{AB6CB670-31B4-4B9F-8089-D6131ACE3C5C}.Release|Any CPU.ActiveCfg = Release|Any CPU
		{AB6CB670-31B4-4B9F-8089-D6131ACE3C5C}.Release|Any CPU.Build.0 = Release|Any CPU
		{02EB8C8C-CC61-4DA9-A52A-8D246270805E}.Debug|Any CPU.ActiveCfg = Debug|Any CPU
		{02EB8C8C-CC61-4DA9-A52A-8D246270805E}.Debug|Any CPU.Build.0 = Debug|Any CPU
		{02EB8C8C-CC61-4DA9-A52A-8D246270805E}.Release|Any CPU.ActiveCfg = Release|Any CPU
		{02EB8C8C-CC61-4DA9-A52A-8D246270805E}.Release|Any CPU.Build.0 = Release|Any CPU
		{B7BC9617-B5EE-491A-8CAE-728D8280E854}.Debug|Any CPU.ActiveCfg = Debug|Any CPU
		{B7BC9617-B5EE-491A-8CAE-728D8280E854}.Debug|Any CPU.Build.0 = Debug|Any CPU
		{B7BC9617-B5EE-491A-8CAE-728D8280E854}.Release|Any CPU.ActiveCfg = Release|Any CPU
		{B7BC9617-B5EE-491A-8CAE-728D8280E854}.Release|Any CPU.Build.0 = Release|Any CPU
	EndGlobalSection
	GlobalSection(SolutionProperties) = preSolution
		HideSolutionNode = FALSE
	EndGlobalSection
	GlobalSection(NestedProjects) = preSolution
		{C0308621-0189-4E32-A6FB-B0198D0B7A38} = {26704704-EAF1-48B3-825A-7471AA3B59ED}
		{C116D92D-1D32-4F5F-91CC-28C7807FD2E8} = {26704704-EAF1-48B3-825A-7471AA3B59ED}
		{22E5F4EC-DD9C-4F7E-9FE7-50978EC96577} = {98BC8EAD-6E9C-4FCA-A374-AAB96F047FC0}
		{310680D3-C24B-4F79-A18A-944F9B6AC096} = {98BC8EAD-6E9C-4FCA-A374-AAB96F047FC0}
		{474DF468-8CB0-4DB5-A31A-28609A61FEA7} = {98BC8EAD-6E9C-4FCA-A374-AAB96F047FC0}
		{FD992DD6-1DBE-4948-AA13-2DDAA71A4130} = {98BC8EAD-6E9C-4FCA-A374-AAB96F047FC0}
		{527E226A-DC59-406A-B525-387921A7EEB4} = {E24F02A0-1C68-44DC-8065-15889FC56490}
		{FFD327AE-94BE-4B1A-B817-A765FD5B0CE9} = {E24F02A0-1C68-44DC-8065-15889FC56490}
		{1C6644F0-167D-4E79-AC42-DA5669FE110F} = {E24F02A0-1C68-44DC-8065-15889FC56490}
		{AA95EE6D-BBC9-494A-BA69-B5C9A1C05DFE} = {E24F02A0-1C68-44DC-8065-15889FC56490}
		{B62A435E-96F3-422F-B5A0-30A8C4BD8F2B} = {56746752-64B7-48C0-A8C2-3F3390F35E77}
		{7397C94F-80AD-44EC-8F9E-11C789DD5E9C} = {E24F02A0-1C68-44DC-8065-15889FC56490}
		{836E8879-5054-41E7-86EC-7D8C10BD2A96} = {E24F02A0-1C68-44DC-8065-15889FC56490}
		{7F21AEAC-3285-474E-B19C-333856ACE888} = {B21A0D66-A2B8-45DC-B025-ECB7A10AC584}
		{857AADEE-5A43-46A0-B598-82918D0B06A6} = {B21A0D66-A2B8-45DC-B025-ECB7A10AC584}
		{546DC29A-CB9E-47AD-B02C-F80AEEBB46E6} = {32ACC08D-5765-480E-A927-E5F67CEC449F}
		{511BFDBA-80E0-4FE7-A120-B7FC58983177} = {32ACC08D-5765-480E-A927-E5F67CEC449F}
		{E87608E4-4084-437B-8865-70585079AB2B} = {32ACC08D-5765-480E-A927-E5F67CEC449F}
		{39079AA8-5ABC-4C32-B2CD-E8B8FC49BCD6} = {A1EFA213-B4DB-4DFD-B829-188C511C63B1}
		{1B8BDD9A-19AE-4DCE-95FF-32813A6A2CC1} = {A1EFA213-B4DB-4DFD-B829-188C511C63B1}
		{574B6C14-9D19-4283-AEB9-13754EE6437C} = {A1EFA213-B4DB-4DFD-B829-188C511C63B1}
		{88BA5A80-5353-4A03-BFF2-92F4A1951A70} = {A1EFA213-B4DB-4DFD-B829-188C511C63B1}
		{7B5CE993-A346-4550-B2CD-6C18889DB7B3} = {56746752-64B7-48C0-A8C2-3F3390F35E77}
		{069556EA-B66F-4176-8F24-5092B1A1183A} = {56746752-64B7-48C0-A8C2-3F3390F35E77}
		{CCD73170-0753-468E-A633-5BA56D44C634} = {56746752-64B7-48C0-A8C2-3F3390F35E77}
		{D35099E2-30D7-454F-B947-7D0FC27EF782} = {B21A0D66-A2B8-45DC-B025-ECB7A10AC584}
		{FAC977E2-395E-4F83-A3F9-06CEE5009E5D} = {B21A0D66-A2B8-45DC-B025-ECB7A10AC584}
		{B55944F2-9B31-4C01-8CFC-0529DDE05814} = {B21A0D66-A2B8-45DC-B025-ECB7A10AC584}
		{0E518EA8-CE79-4A32-A6F6-8C2A0C5CC40A} = {32ACC08D-5765-480E-A927-E5F67CEC449F}
		{85B05DBC-66D5-4F96-8582-C0B077C4C627} = {32ACC08D-5765-480E-A927-E5F67CEC449F}
		{AB6CB670-31B4-4B9F-8089-D6131ACE3C5C} = {32ACC08D-5765-480E-A927-E5F67CEC449F}
		{02EB8C8C-CC61-4DA9-A52A-8D246270805E} = {26704704-EAF1-48B3-825A-7471AA3B59ED}
		{B7BC9617-B5EE-491A-8CAE-728D8280E854} = {4EB4A938-96E1-4690-8A51-18135AA362CC}
	EndGlobalSection
	GlobalSection(ExtensibilityGlobals) = postSolution
		SolutionGuid = {E39C3928-B20B-434E-B41E-D56414582625}
	EndGlobalSection
EndGlobal
